
Microsoft Visual Studio Solution File, Format Version 12.00
# Visual Studio Version 17
VisualStudioVersion = 17.5.002.0
MinimumVisualStudioVersion = 10.0.40219.1
Project("{9A19103F-16F7-4668-BE54-9A1E7A4F7556}") = "HaoLife.Abp.Warehouse.Web.Host", "HaoLife.Abp.Warehouse.Web.Host.csproj", "{BC099C5A-320F-43A6-A3FE-09E9FF10F739}"
EndProject
Global
	GlobalSection(SolutionConfigurationPlatforms) = preSolution
		Debug|Any CPU = Debug|Any CPU
		Release|Any CPU = Release|Any CPU
	EndGlobalSection
	GlobalSection(ProjectConfigurationPlatforms) = postSolution
		{BC099C5A-320F-43A6-A3FE-09E9FF10F739}.Debug|Any CPU.ActiveCfg = Debug|Any CPU
		{BC099C5A-320F-43A6-A3FE-09E9FF10F739}.Debug|Any CPU.Build.0 = Debug|Any CPU
		{BC099C5A-320F-43A6-A3FE-09E9FF10F739}.Release|Any CPU.ActiveCfg = Release|Any CPU
		{BC099C5A-320F-43A6-A3FE-09E9FF10F739}.Release|Any CPU.Build.0 = Release|Any CPU
	EndGlobalSection
	GlobalSection(SolutionProperties) = preSolution
		HideSolutionNode = FALSE
	EndGlobalSection
	GlobalSection(ExtensibilityGlobals) = postSolution
		SolutionGuid = {9D635A09-52EF-4C05-B359-2D8C6B5AB6C7}
	EndGlobalSection
EndGlobal
